{
  "nodes": {
    "brew-src": {
      "flake": false,
      "locked": {
        "lastModified": 1789661079,
        "narHash": "sha256-geVTQ51PGZ1mLULM5k7wO7qt/6xenOR/YG8X7Q3eCaI=",
        "owner": "Homebrew",
        "repo": "brew",
        "rev": "edb70f031e4170c780799633a1226ff73e1077f4",
        "type": "github"
      },
      "original": {
        "owner": "Homebrew",
        "ref": "7.0.4",
        "repo": "brew",
        "type": "github"
      }
    },
    "catppuccin": {
      "inputs": {
        "nixpkgs": "nixpkgs"
      },
      "locked": {
        "lastModified": 1789553013,
        "narHash": "sha256-W5dvgFOuVs24X3G5tUb8C2IHU7ICXNvyGPiWWFjfbuo=",
        "owner": "catppuccin",
        "repo": "nix",
        "rev": "89b3eacf59d6b5eefbc2d69c3a4eb5aaf66d63bc",
        "type": "github"
      },
      "original": {
        "owner": "catppuccin",
        "repo": "nix",
        "type": "github"
      }
    },
    "flake-compat": {
      "flake": false,
      "locked": {
        "lastModified": 1767039857,
        "narHash": "sha256-vNpUSpF5Nuw8xvDLj2KCwwksIbjua2LZCqhV1LNRDns=",
        "owner": "NixOS",
        "repo": "flake-compat",
        "rev": "5edf11c44bc78a0d334f6334cdaf7d60d732daab",
        "type": "github"
      },
      "original": {
        "owner": "NixOS",
        "repo": "flake-compat",
        "type": "github"
      }
    },
    "flake-parts": {
      "inputs": {
        "nixpkgs-lib": [
          "neovim-nightly-overlay",
          "nixpkgs"
        ]
      },
      "locked": {
        "lastModified": 1790898470,
        "narHash": "sha256-zTwuwezD0w3hpga6a6P8emidzAZFyWqlNeRBlpWOOl8=",
        "owner": "hercules-ci",
        "repo": "flake-parts",
        "rev": "024633cd702b10285db5cb19b40ad48d2399ba60",
        "type": "github"
      },
      "original": {
        "owner": "hercules-ci",
        "repo": "flake-parts",
        "type": "github"
      }
    },
    "git-hooks": {
      "inputs": {
        "flake-compat": "flake-compat",
        "nixpkgs": [
          "nixpkgs"
        ]
      },
      "locked": {
        "lastModified": 1790500375,
        "narHash": "sha256-XN3sDtn8TU9hAc9xqZ+SqRB/HHm2wjxM6aSWYLJU+oo=",
        "owner": "cachix",
        "repo": "git-hooks.nix",
        "rev": "a0e4241b51206fbcbf52fd322eb5f0cd80f153c4",
        "type": "github"
      },
      "original": {
        "owner": "cachix",
        "repo": "git-hooks.nix",
        "type": "github"
      }
    },
    "home-manager": {
      "inputs": {
        "nixpkgs": [
          "nixpkgs"
        ]
      },
      "locked": {
        "lastModified": 1791153770,
        "narHash": "sha256-+IqnyJotwLNMkhyqa3F3YtX58W2HrUBqRz++RGt42SM=",
        "owner": "nix-community",
        "repo": "home-manager",
        "rev": "6807ee9587ecc28f7f05509e2043d68efa7fe0f4",
        "type": "github"
      },
      "original": {
        "owner": "nix-community",
        "repo": "home-manager",
        "type": "github"
      }
    },
    "neovim-nightly-overlay": {
      "inputs": {
        "flake-parts": "flake-parts",
        "neovim-src": "neovim-src",
        "nixpkgs": [
          "nixpkgs"
        ]
      },
      "locked": {
        "lastModified": 1791072162,
        "narHash": "sha256-L7oSB4/45lt4/6U41mTBl6AMyplTMjNfqtpgMFfVjt4=",
        "owner": "nix-community",
        "repo": "neovim-nightly-overlay",
        "rev": "69c0a209f058601898cbb02ec00d2610230eeabe",
        "type": "github"
      },
      "original": {
        "owner": "nix-community",
        "repo": "neovim-nightly-overlay",
        "type": "github"
      }
    },
    "neovim-src": {
      "flake": false,
      "locked": {
        "lastModified": 1791055788,
        "narHash": "sha256-2TMCp4ZeebnB0EQCq9mJBMigJ1ZPQKN7sJj7svFQ8Yw=",
        "owner": "neovim",
        "repo": "neovim",
        "rev": "e244a2adcabac6d59b352a8f069b4d7200368bb3",
        "type": "github"
      },
      "original": {
        "owner": "neovim",
        "repo": "neovim",
        "type": "github"
      }
    },
    "nix-darwin": {
      "inputs": {
        "nixpkgs": [
          "nixpkgs"
        ]
      },
      "locked": {
        "lastModified": 1786845137,
        "narHash": "sha256-oQFip+v0luP8NIxJzmiW4Wu8bILsbFWom5l0zonl8hQ=",
        "owner": "nix-darwin",
        "repo": "nix-darwin",
        "rev": "4cff07de74b50e64bdd68cd4e722ab5b6b35ee48",
        "type": "github"
      },
      "original": {
        "owner": "nix-darwin",
        "ref": "master",
        "repo": "nix-darwin",
        "type": "github"
      }
    },
    "nix-homebrew": {
      "inputs": {
        "brew-src": "brew-src"
      },
      "locked": {
        "lastModified": 1789928041,
        "narHash": "sha256-iV37ieTcE4ZLOYEe0VznW6dWMBe4lEL8AbK1vblyZGM=",
        "owner": "zhaofengli",
        "repo": "nix-homebrew",
        "rev": "c11cccfdd36dd69b5323d70d354b2853379c2426",
        "type": "github"
      },
      "original": {
        "owner": "zhaofengli",
        "repo": "nix-homebrew",
        "type": "github"
      }
    },
    "nixpkgs": {
      "locked": {
        "lastModified": 1789044656,
        "narHash": "sha256-sDGcZgdRVR58ceKz0RmkBtdUomBvu5vzbf6Aw5rUCo0=",
        "rev": "1927682e0d808b4a695910f76562b11e2ddecab4",
        "type": "tarball",
        "url": "https://releases.nixos.org/nixpkgs/nixpkgs-26.11pre1070934.1927682e0d80/nixexprs.tar.xz"
      },
      "original": {
        "type": "tarball",
        "url": "https://channels.nixos.org/nixpkgs-unstable/nixexprs.tar.xz"
      }
    },
    "nixpkgs_2": {
      "locked": {
        "lastModified": 1791011291,
        "narHash": "sha256-V6OBJccNKBo/ktknxlJXZChPoI0NE2lembArBO3CE9k=",
        "owner": "NixOS",
        "repo": "nixpkgs",
        "rev": "73e728ddb6b7a12d18808f510813a13ee1fe4cce",
        "type": "github"
      },
      "original": {
        "owner": "NixOS",
        "ref": "nixpkgs-unstable",
        "repo": "nixpkgs",
        "type": "github"
      }
    },
    "root": {
      "inputs": {
        "catppuccin": "catppuccin",
        "git-hooks": "git-hooks",
        "home-manager": "home-manager",
        "neovim-nightly-overlay": "neovim-nightly-overlay",
        "nix-darwin": "nix-darwin",
        "nix-homebrew": "nix-homebrew",
        "nixpkgs": "nixpkgs_2"
      }
    }
  },
  "root": "root",
  "version": 7
}
